
Microsoft Visual Studio Solution File, Format Version 12.00
# Visual Studio Version 16
VisualStudioVersion = 16.0.31613.86
MinimumVisualStudioVersion = 10.0.40219.1
Project("{FAE04EC0-301F-11D3-BF4B-00C04F79EFBC}") = "Domain", "Domain\Domain.csproj", "{B120F835-830D-44DE-90BA-E5E7FA21D9D7}"
EndProject
Project("{FAE04EC0-301F-11D3-BF4B-00C04F79EFBC}") = "Infrastructure", "Infraestructure\Infrastructure.csproj", "{F9AD8031-A249-4EC6-AA1D-B57FE28562C3}"
EndProject
Project("{FAE04EC0-301F-11D3-BF4B-00C04F79EFBC}") = "Presentation", "Presentation\Presentation.csproj", "{DF368EFA-8263-45DB-B6BA-FD8760523282}"
EndProject
Global
	GlobalSection(SolutionConfigurationPlatforms) = preSolution
		Debug|Any CPU = Debug|Any CPU
		Release|Any CPU = Release|Any CPU
	EndGlobalSection
	GlobalSection(ProjectConfigurationPlatforms) = postSolution
		{B120F835-830D-44DE-90BA-E5E7FA21D9D7}.Debug|Any CPU.ActiveCfg = Debug|Any CPU
		{B120F835-830D-44DE-90BA-E5E7FA21D9D7}.Debug|Any CPU.Build.0 = Debug|Any CPU
		{B120F835-830D-44DE-90BA-E5E7FA21D9D7}.Release|Any CPU.ActiveCfg = Release|Any CPU
		{B120F835-830D-44DE-90BA-E5E7FA21D9D7}.Release|Any CPU.Build.0 = Release|Any CPU
		{F9AD8031-A249-4EC6-AA1D-B57FE28562C3}.Debug|Any CPU.ActiveCfg = Debug|Any CPU
		{F9AD8031-A249-4EC6-AA1D-B57FE28562C3}.Debug|Any CPU.Build.0 = Debug|Any CPU
		{F9AD8031-A249-4EC6-AA1D-B57FE28562C3}.Release|Any CPU.ActiveCfg = Release|Any CPU
		{F9AD8031-A249-4EC6-AA1D-B57FE28562C3}.Release|Any CPU.Build.0 = Release|Any CPU
		{DF368EFA-8263-45DB-B6BA-FD8760523282}.Debug|Any CPU.ActiveCfg = Debug|Any CPU
		{DF368EFA-8263-45DB-B6BA-FD8760523282}.Debug|Any CPU.Build.0 = Debug|Any CPU
		{DF368EFA-8263-45DB-B6BA-FD8760523282}.Release|Any CPU.ActiveCfg = Release|Any CPU
		{DF368EFA-8263-45DB-B6BA-FD8760523282}.Release|Any CPU.Build.0 = Release|Any CPU
	EndGlobalSection
	GlobalSection(SolutionProperties) = preSolution
		HideSolutionNode = FALSE
	EndGlobalSection
	GlobalSection(ExtensibilityGlobals) = postSolution
		SolutionGuid = {F0E29013-645E-4198-954F-F68503D1180D}
	EndGlobalSection
EndGlobal
